
Microsoft Visual Studio Solution File, Format Version 12.00
# Visual Studio Version 17
VisualStudioVersion = 17.8.34322.80
MinimumVisualStudioVersion = 10.0.40219.1
Project("{9A19103F-16F7-4668-BE54-9A1E7A4F7556}") = "CzechitasCviceni2", "CzechitasCviceni2.csproj", "{8EDDBF4C-BB38-4753-BD88-AE76ED28F878}"
EndProject
Project("{9A19103F-16F7-4668-BE54-9A1E7A4F7556}") = "ukolseznamy", "ukolseznamy\ukolseznamy.csproj", "{2438D46D-6BD5-4ECA-89F9-BC3C93D80D6A}"
EndProject
Project("{9A19103F-16F7-4668-BE54-9A1E7A4F7556}") = "pracestextem", "pracestextem\pracestextem.csproj", "{AF7058B3-2B56-447E-929F-769DA528F1DA}"
EndProject
Project("{9A19103F-16F7-4668-BE54-9A1E7A4F7556}") = "breakoutroomnadatum", "breakoutroomnadatum\breakoutroomnadatum.csproj", "{2EF7D4DD-AC57-49BA-9C10-915AF0EC9063}"
EndProject
Project("{9A19103F-16F7-4668-BE54-9A1E7A4F7556}") = "zkusebniprojekt", "zkusebniprojekt\zkusebniprojekt.csproj", "{B61C427A-FC52-4620-9C58-B70EC22E51B6}"
EndProject
Project("{9A19103F-16F7-4668-BE54-9A1E7A4F7556}") = "NepovinneCviceniNaLinq", "NepovinneCviceniNaLinq\NepovinneCviceniNaLinq.csproj", "{604916C7-0FC8-471F-AAAC-55069B95B270}"
EndProject
Project("{9A19103F-16F7-4668-BE54-9A1E7A4F7556}") = "BreakoutRoom165", "BreakoutRoom165\BreakoutRoom165.csproj", "{A91882C9-C5D8-4933-97B1-134038C93667}"
EndProject
Project("{9A19103F-16F7-4668-BE54-9A1E7A4F7556}") = "NepovinnyUkolOOP", "NepovinnyUkolOOP\NepovinnyUkolOOP.csproj", "{9DCD2A60-218E-4955-81B5-69075FD2A228}"
EndProject
Project("{9A19103F-16F7-4668-BE54-9A1E7A4F7556}") = "CviceniDedicnost", "Cviceni235\CviceniDedicnost.csproj", "{1AE889C9-63E3-48DB-83A8-AF6A3A201283}"
EndProject
Project("{FAE04EC0-301F-11D3-BF4B-00C04F79EFBC}") = "DomaciUkolDedeni", "DomaciUkolDedeni\DomaciUkolDedeni.csproj", "{8B0FA349-0FED-4DBC-8BC4-8B31C46D6A21}"
EndProject
Global
	GlobalSection(SolutionConfigurationPlatforms) = preSolution
		Debug|Any CPU = Debug|Any CPU
		Release|Any CPU = Release|Any CPU
	EndGlobalSection
	GlobalSection(ProjectConfigurationPlatforms) = postSolution
		{8EDDBF4C-BB38-4753-BD88-AE76ED28F878}.Debug|Any CPU.ActiveCfg = Debug|Any CPU
		{8EDDBF4C-BB38-4753-BD88-AE76ED28F878}.Debug|Any CPU.Build.0 = Debug|Any CPU
		{8EDDBF4C-BB38-4753-BD88-AE76ED28F878}.Release|Any CPU.ActiveCfg = Release|Any CPU
		{8EDDBF4C-BB38-4753-BD88-AE76ED28F878}.Release|Any CPU.Build.0 = Release|Any CPU
		{2438D46D-6BD5-4ECA-89F9-BC3C93D80D6A}.Debug|Any CPU.ActiveCfg = Debug|Any CPU
		{2438D46D-6BD5-4ECA-89F9-BC3C93D80D6A}.Debug|Any CPU.Build.0 = Debug|Any CPU
		{2438D46D-6BD5-4ECA-89F9-BC3C93D80D6A}.Release|Any CPU.ActiveCfg = Release|Any CPU
		{2438D46D-6BD5-4ECA-89F9-BC3C93D80D6A}.Release|Any CPU.Build.0 = Release|Any CPU
		{AF7058B3-2B56-447E-929F-769DA528F1DA}.Debug|Any CPU.ActiveCfg = Debug|Any CPU
		{AF7058B3-2B56-447E-929F-769DA528F1DA}.Debug|Any CPU.Build.0 = Debug|Any CPU
		{AF7058B3-2B56-447E-929F-769DA528F1DA}.Release|Any CPU.ActiveCfg = Release|Any CPU
		{AF7058B3-2B56-447E-929F-769DA528F1DA}.Release|Any CPU.Build.0 = Release|Any CPU
		{2EF7D4DD-AC57-49BA-9C10-915AF0EC9063}.Debug|Any CPU.ActiveCfg = Debug|Any CPU
		{2EF7D4DD-AC57-49BA-9C10-915AF0EC9063}.Debug|Any CPU.Build.0 = Debug|Any CPU
		{2EF7D4DD-AC57-49BA-9C10-915AF0EC9063}.Release|Any CPU.ActiveCfg = Release|Any CPU
		{2EF7D4DD-AC57-49BA-9C10-915AF0EC9063}.Release|Any CPU.Build.0 = Release|Any CPU
		{B61C427A-FC52-4620-9C58-B70EC22E51B6}.Debug|Any CPU.ActiveCfg = Debug|Any CPU
		{B61C427A-FC52-4620-9C58-B70EC22E51B6}.Debug|Any CPU.Build.0 = Debug|Any CPU
		{B61C427A-FC52-4620-9C58-B70EC22E51B6}.Release|Any CPU.ActiveCfg = Release|Any CPU
		{B61C427A-FC52-4620-9C58-B70EC22E51B6}.Release|Any CPU.Build.0 = Release|Any CPU
		{604916C7-0FC8-471F-AAAC-55069B95B270}.Debug|Any CPU.ActiveCfg = Debug|Any CPU
		{604916C7-0FC8-471F-AAAC-55069B95B270}.Debug|Any CPU.Build.0 = Debug|Any CPU
		{604916C7-0FC8-471F-AAAC-55069B95B270}.Release|Any CPU.ActiveCfg = Release|Any CPU
		{604916C7-0FC8-471F-AAAC-55069B95B270}.Release|Any CPU.Build.0 = Release|Any CPU
		{A91882C9-C5D8-4933-97B1-134038C93667}.Debug|Any CPU.ActiveCfg = Debug|Any CPU
		{A91882C9-C5D8-4933-97B1-134038C93667}.Debug|Any CPU.Build.0 = Debug|Any CPU
		{A91882C9-C5D8-4933-97B1-134038C93667}.Release|Any CPU.ActiveCfg = Release|Any CPU
		{A91882C9-C5D8-4933-97B1-134038C93667}.Release|Any CPU.Build.0 = Release|Any CPU
		{9DCD2A60-218E-4955-81B5-69075FD2A228}.Debug|Any CPU.ActiveCfg = Debug|Any CPU
		{9DCD2A60-218E-4955-81B5-69075FD2A228}.Debug|Any CPU.Build.0 = Debug|Any CPU
		{9DCD2A60-218E-4955-81B5-69075FD2A228}.Release|Any CPU.ActiveCfg = Release|Any CPU
		{9DCD2A60-218E-4955-81B5-69075FD2A228}.Release|Any CPU.Build.0 = Release|Any CPU
		{1AE889C9-63E3-48DB-83A8-AF6A3A201283}.Debug|Any CPU.ActiveCfg = Debug|Any CPU
		{1AE889C9-63E3-48DB-83A8-AF6A3A201283}.Debug|Any CPU.Build.0 = Debug|Any CPU
		{1AE889C9-63E3-48DB-83A8-AF6A3A201283}.Release|Any CPU.ActiveCfg = Release|Any CPU
		{1AE889C9-63E3-48DB-83A8-AF6A3A201283}.Release|Any CPU.Build.0 = Release|Any CPU
		{8B0FA349-0FED-4DBC-8BC4-8B31C46D6A21}.Debug|Any CPU.ActiveCfg = Debug|Any CPU
		{8B0FA349-0FED-4DBC-8BC4-8B31C46D6A21}.Debug|Any CPU.Build.0 = Debug|Any CPU
		{8B0FA349-0FED-4DBC-8BC4-8B31C46D6A21}.Release|Any CPU.ActiveCfg = Release|Any CPU
		{8B0FA349-0FED-4DBC-8BC4-8B31C46D6A21}.Release|Any CPU.Build.0 = Release|Any CPU
	EndGlobalSection
	GlobalSection(SolutionProperties) = preSolution
		HideSolutionNode = FALSE
	EndGlobalSection
	GlobalSection(ExtensibilityGlobals) = postSolution
		SolutionGuid = {9FA330BA-6655-4671-9490-995629663073}
	EndGlobalSection
EndGlobal
